
Microsoft Visual Studio Solution File, Format Version 12.00
# Visual Studio Version 17
VisualStudioVersion = 17.4.33122.133
MinimumVisualStudioVersion = 10.0.40219.1
Project("{8BC9CEB8-8B4A-11D0-8D11-00A0C91BC942}") = "Print_Reverse_Array", "Print_Reverse_Array.vcxproj", "{60FC39AF-86E2-4BD2-B48B-8559C0BF665C}"
EndProject
Global
	GlobalSection(SolutionConfigurationPlatforms) = preSolution
		Debug|x64 = Debug|x64
		Debug|x86 = Debug|x86
		Release|x64 = Release|x64
		Release|x86 = Release|x86
	EndGlobalSection
	GlobalSection(ProjectConfigurationPlatforms) = postSolution
		{60FC39AF-86E2-4BD2-B48B-8559C0BF665C}.Debug|x64.ActiveCfg = Debug|x64
		{60FC39AF-86E2-4BD2-B48B-8559C0BF665C}.Debug|x64.Build.0 = Debug|x64
		{60FC39AF-86E2-4BD2-B48B-8559C0BF665C}.Debug|x86.ActiveCfg = Debug|Win32
		{60FC39AF-86E2-4BD2-B48B-8559C0BF665C}.Debug|x86.Build.0 = Debug|Win32
		{60FC39AF-86E2-4BD2-B48B-8559C0BF665C}.Release|x64.ActiveCfg = Release|x64
		{60FC39AF-86E2-4BD2-B48B-8559C0BF665C}.Release|x64.Build.0 = Release|x64
		{60FC39AF-86E2-4BD2-B48B-8559C0BF665C}.Release|x86.ActiveCfg = Release|Win32
		{60FC39AF-86E2-4BD2-B48B-8559C0BF665C}.Release|x86.Build.0 = Release|Win32
	EndGlobalSection
	GlobalSection(SolutionProperties) = preSolution
		HideSolutionNode = FALSE
	EndGlobalSection
	GlobalSection(ExtensibilityGlobals) = postSolution
		SolutionGuid = {6809CA50-E440-4F26-8872-9CBD5F1526A9}
	EndGlobalSection
EndGlobal
