
Microsoft Visual Studio Solution File, Format Version 12.00
# Visual Studio Version 17
VisualStudioVersion = 17.4.33122.133
MinimumVisualStudioVersion = 10.0.40219.1
Project("{8BC9CEB8-8B4A-11D0-8D11-00A0C91BC942}") = "Print_Diamond", "Print_Diamond.vcxproj", "{EA785800-C6C9-4D0D-9A28-12963D21D35B}"
EndProject
Global
	GlobalSection(SolutionConfigurationPlatforms) = preSolution
		Debug|x64 = Debug|x64
		Debug|x86 = Debug|x86
		Release|x64 = Release|x64
		Release|x86 = Release|x86
	EndGlobalSection
	GlobalSection(ProjectConfigurationPlatforms) = postSolution
		{EA785800-C6C9-4D0D-9A28-12963D21D35B}.Debug|x64.ActiveCfg = Debug|x64
		{EA785800-C6C9-4D0D-9A28-12963D21D35B}.Debug|x64.Build.0 = Debug|x64
		{EA785800-C6C9-4D0D-9A28-12963D21D35B}.Debug|x86.ActiveCfg = Debug|Win32
		{EA785800-C6C9-4D0D-9A28-12963D21D35B}.Debug|x86.Build.0 = Debug|Win32
		{EA785800-C6C9-4D0D-9A28-12963D21D35B}.Release|x64.ActiveCfg = Release|x64
		{EA785800-C6C9-4D0D-9A28-12963D21D35B}.Release|x64.Build.0 = Release|x64
		{EA785800-C6C9-4D0D-9A28-12963D21D35B}.Release|x86.ActiveCfg = Release|Win32
		{EA785800-C6C9-4D0D-9A28-12963D21D35B}.Release|x86.Build.0 = Release|Win32
	EndGlobalSection
	GlobalSection(SolutionProperties) = preSolution
		HideSolutionNode = FALSE
	EndGlobalSection
	GlobalSection(ExtensibilityGlobals) = postSolution
		SolutionGuid = {842A6D40-6679-4201-B30B-8F73F1309B75}
	EndGlobalSection
EndGlobal
