
Microsoft Visual Studio Solution File, Format Version 12.00
# Visual Studio Version 17
VisualStudioVersion = 17.4.33122.133
MinimumVisualStudioVersion = 10.0.40219.1
Project("{8BC9CEB8-8B4A-11D0-8D11-00A0C91BC942}") = "Const_Pointer", "Const_Pointer.vcxproj", "{D951C20F-697D-41FC-9EDE-17ADC4FD07FF}"
EndProject
Global
	GlobalSection(SolutionConfigurationPlatforms) = preSolution
		Debug|x64 = Debug|x64
		Debug|x86 = Debug|x86
		Release|x64 = Release|x64
		Release|x86 = Release|x86
	EndGlobalSection
	GlobalSection(ProjectConfigurationPlatforms) = postSolution
		{D951C20F-697D-41FC-9EDE-17ADC4FD07FF}.Debug|x64.ActiveCfg = Debug|x64
		{D951C20F-697D-41FC-9EDE-17ADC4FD07FF}.Debug|x64.Build.0 = Debug|x64
		{D951C20F-697D-41FC-9EDE-17ADC4FD07FF}.Debug|x86.ActiveCfg = Debug|Win32
		{D951C20F-697D-41FC-9EDE-17ADC4FD07FF}.Debug|x86.Build.0 = Debug|Win32
		{D951C20F-697D-41FC-9EDE-17ADC4FD07FF}.Release|x64.ActiveCfg = Release|x64
		{D951C20F-697D-41FC-9EDE-17ADC4FD07FF}.Release|x64.Build.0 = Release|x64
		{D951C20F-697D-41FC-9EDE-17ADC4FD07FF}.Release|x86.ActiveCfg = Release|Win32
		{D951C20F-697D-41FC-9EDE-17ADC4FD07FF}.Release|x86.Build.0 = Release|Win32
	EndGlobalSection
	GlobalSection(SolutionProperties) = preSolution
		HideSolutionNode = FALSE
	EndGlobalSection
	GlobalSection(ExtensibilityGlobals) = postSolution
		SolutionGuid = {DF9B6987-8B8F-4CBC-B563-05A5F8F386F3}
	EndGlobalSection
EndGlobal
