
Microsoft Visual Studio Solution File, Format Version 12.00
# Visual Studio Version 17
VisualStudioVersion = 17.4.33122.133
MinimumVisualStudioVersion = 10.0.40219.1
Project("{8BC9CEB8-8B4A-11D0-8D11-00A0C91BC942}") = "String_Substring", "String_Substring.vcxproj", "{00029A36-5ECB-4DA6-8F5B-8ECB48C88FD0}"
EndProject
Global
	GlobalSection(SolutionConfigurationPlatforms) = preSolution
		Debug|x64 = Debug|x64
		Debug|x86 = Debug|x86
		Release|x64 = Release|x64
		Release|x86 = Release|x86
	EndGlobalSection
	GlobalSection(ProjectConfigurationPlatforms) = postSolution
		{00029A36-5ECB-4DA6-8F5B-8ECB48C88FD0}.Debug|x64.ActiveCfg = Debug|x64
		{00029A36-5ECB-4DA6-8F5B-8ECB48C88FD0}.Debug|x64.Build.0 = Debug|x64
		{00029A36-5ECB-4DA6-8F5B-8ECB48C88FD0}.Debug|x86.ActiveCfg = Debug|Win32
		{00029A36-5ECB-4DA6-8F5B-8ECB48C88FD0}.Debug|x86.Build.0 = Debug|Win32
		{00029A36-5ECB-4DA6-8F5B-8ECB48C88FD0}.Release|x64.ActiveCfg = Release|x64
		{00029A36-5ECB-4DA6-8F5B-8ECB48C88FD0}.Release|x64.Build.0 = Release|x64
		{00029A36-5ECB-4DA6-8F5B-8ECB48C88FD0}.Release|x86.ActiveCfg = Release|Win32
		{00029A36-5ECB-4DA6-8F5B-8ECB48C88FD0}.Release|x86.Build.0 = Release|Win32
	EndGlobalSection
	GlobalSection(SolutionProperties) = preSolution
		HideSolutionNode = FALSE
	EndGlobalSection
	GlobalSection(ExtensibilityGlobals) = postSolution
		SolutionGuid = {3D37ADF5-ED1B-453C-9A2D-B6D471E4F113}
	EndGlobalSection
EndGlobal
