
Microsoft Visual Studio Solution File, Format Version 12.00
# Visual Studio Version 17
VisualStudioVersion = 17.4.33122.133
MinimumVisualStudioVersion = 10.0.40219.1
Project("{8BC9CEB8-8B4A-11D0-8D11-00A0C91BC942}") = "Sum_Digits_Numbers", "Sum_Digits_Numbers.vcxproj", "{FD2737AF-E408-41CD-8728-0BDC6CE1FCCC}"
EndProject
Global
	GlobalSection(SolutionConfigurationPlatforms) = preSolution
		Debug|x64 = Debug|x64
		Debug|x86 = Debug|x86
		Release|x64 = Release|x64
		Release|x86 = Release|x86
	EndGlobalSection
	GlobalSection(ProjectConfigurationPlatforms) = postSolution
		{FD2737AF-E408-41CD-8728-0BDC6CE1FCCC}.Debug|x64.ActiveCfg = Debug|x64
		{FD2737AF-E408-41CD-8728-0BDC6CE1FCCC}.Debug|x64.Build.0 = Debug|x64
		{FD2737AF-E408-41CD-8728-0BDC6CE1FCCC}.Debug|x86.ActiveCfg = Debug|Win32
		{FD2737AF-E408-41CD-8728-0BDC6CE1FCCC}.Debug|x86.Build.0 = Debug|Win32
		{FD2737AF-E408-41CD-8728-0BDC6CE1FCCC}.Release|x64.ActiveCfg = Release|x64
		{FD2737AF-E408-41CD-8728-0BDC6CE1FCCC}.Release|x64.Build.0 = Release|x64
		{FD2737AF-E408-41CD-8728-0BDC6CE1FCCC}.Release|x86.ActiveCfg = Release|Win32
		{FD2737AF-E408-41CD-8728-0BDC6CE1FCCC}.Release|x86.Build.0 = Release|Win32
	EndGlobalSection
	GlobalSection(SolutionProperties) = preSolution
		HideSolutionNode = FALSE
	EndGlobalSection
	GlobalSection(ExtensibilityGlobals) = postSolution
		SolutionGuid = {AC34B84E-027B-494A-8B3D-2128A4464E2F}
	EndGlobalSection
EndGlobal
