
Microsoft Visual Studio Solution File, Format Version 12.00
# Visual Studio Version 17
VisualStudioVersion = 17.4.33122.133
MinimumVisualStudioVersion = 10.0.40219.1
Project("{8BC9CEB8-8B4A-11D0-8D11-00A0C91BC942}") = "Array_Elements_Exchange", "Array_Elements_Exchange.vcxproj", "{F6A91618-79F5-4762-B512-E476C38528D2}"
EndProject
Global
	GlobalSection(SolutionConfigurationPlatforms) = preSolution
		Debug|x64 = Debug|x64
		Debug|x86 = Debug|x86
		Release|x64 = Release|x64
		Release|x86 = Release|x86
	EndGlobalSection
	GlobalSection(ProjectConfigurationPlatforms) = postSolution
		{F6A91618-79F5-4762-B512-E476C38528D2}.Debug|x64.ActiveCfg = Debug|x64
		{F6A91618-79F5-4762-B512-E476C38528D2}.Debug|x64.Build.0 = Debug|x64
		{F6A91618-79F5-4762-B512-E476C38528D2}.Debug|x86.ActiveCfg = Debug|Win32
		{F6A91618-79F5-4762-B512-E476C38528D2}.Debug|x86.Build.0 = Debug|Win32
		{F6A91618-79F5-4762-B512-E476C38528D2}.Release|x64.ActiveCfg = Release|x64
		{F6A91618-79F5-4762-B512-E476C38528D2}.Release|x64.Build.0 = Release|x64
		{F6A91618-79F5-4762-B512-E476C38528D2}.Release|x86.ActiveCfg = Release|Win32
		{F6A91618-79F5-4762-B512-E476C38528D2}.Release|x86.Build.0 = Release|Win32
	EndGlobalSection
	GlobalSection(SolutionProperties) = preSolution
		HideSolutionNode = FALSE
	EndGlobalSection
	GlobalSection(ExtensibilityGlobals) = postSolution
		SolutionGuid = {4B34BF4E-6FFF-44D9-825C-404230BF4CA3}
	EndGlobalSection
EndGlobal
